PODS:
  - GoogleMaps (2.1.1):
    - GoogleMaps/Maps (= 2.1.1)
  - GoogleMaps/Base (2.1.1)
  - GoogleMaps/Maps (2.1.1):
    - GoogleMaps/Base
  - QBImagePickerController (3.4.0)
  - React/ART (0.36.1):
    - React/Core
  - React/Core (0.36.1)
  - React/RCTActionSheet (0.36.1):
    - React/Core
  - React/RCTAnimation (0.36.1):
    - React/Core
  - React/RCTCameraRoll (0.36.1):
    - React/Core
    - React/RCTImage
  - React/RCTGeolocation (0.36.1):
    - React/Core
  - React/RCTImage (0.36.1):
    - React/Core
    - React/RCTNetwork
  - React/RCTLinkingIOS (0.36.1):
    - React/Core
  - React/RCTNetwork (0.36.1):
    - React/Core
  - React/RCTPushNotification (0.36.1):
    - React/Core
  - React/RCTSettings (0.36.1):
    - React/Core
  - React/RCTText (0.36.1):
    - React/Core
  - React/RCTVibration (0.36.1):
    - React/Core
  - React/RCTWebSocket (0.36.1):
    - React/Core
  - RSKImageCropper (1.5.1)

DEPENDENCIES:
  - GoogleMaps
  - QBImagePickerController
  - React/ART (from `../node_modules/react-native`)
  - React/Core (from `../node_modules/react-native`)
  - React/RCTActionSheet (from `../node_modules/react-native`)
  - React/RCTAnimation (from `../node_modules/react-native`)
  - React/RCTCameraRoll (from `../node_modules/react-native`)
  - React/RCTGeolocation (from `../node_modules/react-native`)
  - React/RCTImage (from `../node_modules/react-native`)
  - React/RCTLinkingIOS (from `../node_modules/react-native`)
  - React/RCTNetwork (from `../node_modules/react-native`)
  - React/RCTPushNotification (from `../node_modules/react-native`)
  - React/RCTSettings (from `../node_modules/react-native`)
  - React/RCTText (from `../node_modules/react-native`)
  - React/RCTVibration (from `../node_modules/react-native`)
  - React/RCTWebSocket (from `../node_modules/react-native`)
  - RSKImageCropper

EXTERNAL SOURCES:
  React:
    :path: ../node_modules/react-native

SPEC CHECKSUMS:
  GoogleMaps: a5b5bbe47734e2443bde781a6aa64e69fdb6d785
  QBImagePickerController: d54cf93db6decf26baf6ed3472f336ef35cae022
  React: d75161dea5db43c144b3753f628118b083ba049b
  RSKImageCropper: edd65fedb3734332818deb139906d6b7f54b8a44

PODFILE CHECKSUM: 1744d3957fbe6022804d2761d0fcec2a208ba86e

COCOAPODS: 1.1.0.rc.3
